{
  "name": "snippet-engine-control",
  "version": "0.1.0",
  "lockfileVersion": 3,
  "requires": true,
  "packages": {
    "": {
      "name": "snippet-engine-control",
      "version": "0.1.0",
      "workspaces": [
        "packages/*"
      ],
      "devDependencies": {
        "typescript": "^5.0.0"
      }
    },
    "node_modules/@snippet-engine-control/adapter-espanso": {
      "resolved": "packages/adapter-espanso",
      "link": true
    },
    "node_modules/@snippet-engine-control/cli": {
      "resolved": "packages/cli",
      "link": true
    },
    "node_modules/@snippet-engine-control/core": {
      "resolved": "packages/core",
      "link": true
    },
    "node_modules/@snippet-engine-control/ui": {
      "resolved": "packages/ui",
      "link": true
    },
    "node_modules/typescript": {
      "version": "5.9.3",
      "resolved": "https://registry.npmjs.org/typescript/-/typescript-5.9.3.tgz",
      "integrity": "sha512-jl1vZzPDinLr9eUt3J/t7V6FgNEw9QjvBPdysz9KfQDD41fQrC2Y4vKQdiaUpFT4bXlb1RHhLpp8wtm6M5TgSw==",
      "dev": true,
      "license": "Apache-2.0",
      "bin": {
        "tsc": "bin/tsc",
        "tsserver": "bin/tsserver"
      },
      "engines": {
        "node": ">=14.17"
      }
    },
    "packages/adapter-espanso": {
      "name": "@snippet-engine-control/adapter-espanso",
      "version": "0.1.0",
      "dependencies": {
        "@snippet-engine-control/core": "*"
      },
      "devDependencies": {
        "typescript": "^5.0.0"
      }
    },
    "packages/cli": {
      "name": "@snippet-engine-control/cli",
      "version": "0.1.0",
      "dependencies": {
        "@snippet-engine-control/adapter-espanso": "*",
        "@snippet-engine-control/core": "*"
      },
      "bin": {
        "sec": "dist/index.js"
      },
      "devDependencies": {
        "typescript": "^5.0.0"
      }
    },
    "packages/core": {
      "name": "@snippet-engine-control/core",
      "version": "0.1.0",
      "devDependencies": {
        "typescript": "^5.0.0"
      }
    },
    "packages/ui": {
      "name": "@snippet-engine-control/ui",
      "version": "0.1.0"
    }
  }
}
